// !$*UTF8*$!
{
	archiveVersion = 1;
	classes = {
	};
	objectVersion = 56;
	objects = {

/* Begin PBXBuildFile section */
		963510162B0A660F0025228A /* MovieService.swift in Sources */ = {isa = PBXBuildFile; fileRef = 963510152B0A660F0025228A /* MovieService.swift */; };
		9635143E2B050EB5002E9288 /* MovieDetailView.swift in Sources */ = {isa = PBXBuildFile; fileRef = 9635143D2B050EB5002E9288 /* MovieDetailView.swift */; };
		964D8AB82B0D851300CD39DB /* PosterImageView.swift in Sources */ = {isa = PBXBuildFile; fileRef = 964D8AB72B0D851200CD39DB /* PosterImageView.swift */; };
		964D8ABA2B0D852100CD39DB /* BackdropImageView.swift in Sources */ = {isa = PBXBuildFile; fileRef = 964D8AB92B0D852100CD39DB /* BackdropImageView.swift */; };
		964D8ABC2B0D857A00CD39DB /* MovieCard.swift in Sources */ = {isa = PBXBuildFile; fileRef = 964D8ABB2B0D857A00CD39DB /* MovieCard.swift */; };
		964D8ABE2B0D868500CD39DB /* VoteAverageView.swift in Sources */ = {isa = PBXBuildFile; fileRef = 964D8ABD2B0D868500CD39DB /* VoteAverageView.swift */; };
		965CA9BC2B157A3A00F3999D /* PosterImageTitleView.swift in Sources */ = {isa = PBXBuildFile; fileRef = 965CA9BB2B157A3A00F3999D /* PosterImageTitleView.swift */; };
		965CA9BE2B157A6500F3999D /* FullImageView.swift in Sources */ = {isa = PBXBuildFile; fileRef = 965CA9BD2B157A6500F3999D /* FullImageView.swift */; };
		965CA9C02B1586BD00F3999D /* WatchListViewViewModel.swift in Sources */ = {isa = PBXBuildFile; fileRef = 965CA9BF2B1586BD00F3999D /* WatchListViewViewModel.swift */; };
		9695EB7B2B13821D003DEF45 /* TheMovieApp.xcdatamodeld in Sources */ = {isa = PBXBuildFile; fileRef = 9695EB792B13821D003DEF45 /* TheMovieApp.xcdatamodeld */; };
		9695EB7E2B138254003DEF45 /* Persistence.swift in Sources */ = {isa = PBXBuildFile; fileRef = 9695EB7D2B138254003DEF45 /* Persistence.swift */; };
		9695EB812B138E17003DEF45 /* MovieEntity+CoreDataClass.swift in Sources */ = {isa = PBXBuildFile; fileRef = 9695EB7F2B138E17003DEF45 /* MovieEntity+CoreDataClass.swift */; };
		9695EB822B138E17003DEF45 /* MovieEntity+CoreDataProperties.swift in Sources */ = {isa = PBXBuildFile; fileRef = 9695EB802B138E17003DEF45 /* MovieEntity+CoreDataProperties.swift */; };
		9695EB852B13CC1A003DEF45 /* ColorUtil.swift in Sources */ = {isa = PBXBuildFile; fileRef = 9695EB842B13CC1A003DEF45 /* ColorUtil.swift */; };
		96A4A0C22AFC57D500AABACE /* TheMovieApp.swift in Sources */ = {isa = PBXBuildFile; fileRef = 96A4A0C12AFC57D500AABACE /* TheMovieApp.swift */; };
		96A4A0C42AFC57D500AABACE /* MainAppView.swift in Sources */ = {isa = PBXBuildFile; fileRef = 96A4A0C32AFC57D500AABACE /* MainAppView.swift */; };
		96A4A0C62AFC57D600AABACE /* Assets.xcassets in Resources */ = {isa = PBXBuildFile; fileRef = 96A4A0C52AFC57D600AABACE /* Assets.xcassets */; };
		96A4A0C92AFC57D600AABACE /* Preview Assets.xcassets in Resources */ = {isa = PBXBuildFile; fileRef = 96A4A0C82AFC57D600AABACE /* Preview Assets.xcassets */; };
		96AD276E2B102A44005AEE4E /* HomeViewViewModel.swift in Sources */ = {isa = PBXBuildFile; fileRef = 96AD276D2B102A44005AEE4E /* HomeViewViewModel.swift */; };
		96AD27712B102B47005AEE4E /* MovieServiceable.swift in Sources */ = {isa = PBXBuildFile; fileRef = 96AD27702B102B47005AEE4E /* MovieServiceable.swift */; };
		96AE66FD2B02E1CB003E81C0 /* MovieResponse.swift in Sources */ = {isa = PBXBuildFile; fileRef = 96AE66FC2B02E1CB003E81C0 /* MovieResponse.swift */; };
		96AE66FF2B02E279003E81C0 /* Movie.swift in Sources */ = {isa = PBXBuildFile; fileRef = 96AE66FE2B02E279003E81C0 /* Movie.swift */; };
		96D4130C2B06E11A0052F548 /* HomeView.swift in Sources */ = {isa = PBXBuildFile; fileRef = 96D4130B2B06E11A0052F548 /* HomeView.swift */; };
		96D4130E2B06E1280052F548 /* SearchView.swift in Sources */ = {isa = PBXBuildFile; fileRef = 96D4130D2B06E1280052F548 /* SearchView.swift */; };
		96D413102B06E13D0052F548 /* WatchListView.swift in Sources */ = {isa = PBXBuildFile; fileRef = 96D4130F2B06E13D0052F548 /* WatchListView.swift */; };
		96D597A92B1560B30033674F /* MovieDetailViewViewModel.swift in Sources */ = {isa = PBXBuildFile; fileRef = 96D597A82B1560B30033674F /* MovieDetailViewViewModel.swift */; };
		96E0F7892B1178DC00161ED3 /* ImageUtil.swift in Sources */ = {isa = PBXBuildFile; fileRef = 96E0F7882B1178DC00161ED3 /* ImageUtil.swift */; };
		96E2F0A02B096CDB000701D4 /* ViewExtension.swift in Sources */ = {isa = PBXBuildFile; fileRef = 96E2F09F2B096CDB000701D4 /* ViewExtension.swift */; };
		96E2F0A32B096D46000701D4 /* RoundedCornersModifier.swift in Sources */ = {isa = PBXBuildFile; fileRef = 96E2F0A22B096D46000701D4 /* RoundedCornersModifier.swift */; };
/* End PBXBuildFile section */

/* Begin PBXFileReference section */
		963510152B0A660F0025228A /* MovieService.swift */ = {isa = PBXFileReference; lastKnownFileType = sourcecode.swift; path = MovieService.swift; sourceTree = "<group>"; };
		9635143D2B050EB5002E9288 /* MovieDetailView.swift */ = {isa = PBXFileReference; lastKnownFileType = sourcecode.swift; path = MovieDetailView.swift; sourceTree = "<group>"; };
		964D8AB72B0D851200CD39DB /* PosterImageView.swift */ = {isa = PBXFileReference; lastKnownFileType = sourcecode.swift; path = PosterImageView.swift; sourceTree = "<group>"; };
		964D8AB92B0D852100CD39DB /* BackdropImageView.swift */ = {isa = PBXFileReference; lastKnownFileType = sourcecode.swift; path = BackdropImageView.swift; sourceTree = "<group>"; };
		964D8ABB2B0D857A00CD39DB /* MovieCard.swift */ = {isa = PBXFileReference; lastKnownFileType = sourcecode.swift; path = MovieCard.swift; sourceTree = "<group>"; };
		964D8ABD2B0D868500CD39DB /* VoteAverageView.swift */ = {isa = PBXFileReference; lastKnownFileType = sourcecode.swift; path = VoteAverageView.swift; sourceTree = "<group>"; };
		965CA9BB2B157A3A00F3999D /* PosterImageTitleView.swift */ = {isa = PBXFileReference; lastKnownFileType = sourcecode.swift; path = PosterImageTitleView.swift; sourceTree = "<group>"; };
		965CA9BD2B157A6500F3999D /* FullImageView.swift */ = {isa = PBXFileReference; lastKnownFileType = sourcecode.swift; path = FullImageView.swift; sourceTree = "<group>"; };
		965CA9BF2B1586BD00F3999D /* WatchListViewViewModel.swift */ = {isa = PBXFileReference; lastKnownFileType = sourcecode.swift; path = WatchListViewViewModel.swift; sourceTree = "<group>"; };
		9695EB7A2B13821D003DEF45 /* TheMovieApp.xcdatamodel */ = {isa = PBXFileReference; lastKnownFileType = wrapper.xcdatamodel; path = TheMovieApp.xcdatamodel; sourceTree = "<group>"; };
		9695EB7D2B138254003DEF45 /* Persistence.swift */ = {isa = PBXFileReference; lastKnownFileType = sourcecode.swift; path = Persistence.swift; sourceTree = "<group>"; };
		9695EB7F2B138E17003DEF45 /* MovieEntity+CoreDataClass.swift */ = {isa = PBXFileReference; lastKnownFileType = sourcecode.swift; path = "MovieEntity+CoreDataClass.swift"; sourceTree = "<group>"; };
		9695EB802B138E17003DEF45 /* MovieEntity+CoreDataProperties.swift */ = {isa = PBXFileReference; lastKnownFileType = sourcecode.swift; path = "MovieEntity+CoreDataProperties.swift"; sourceTree = "<group>"; };
		9695EB842B13CC1A003DEF45 /* ColorUtil.swift */ = {isa = PBXFileReference; lastKnownFileType = sourcecode.swift; path = ColorUtil.swift; sourceTree = "<group>"; };
		96A4A0BE2AFC57D500AABACE /* TheMovieApp.app */ = {isa = PBXFileReference; explicitFileType = wrapper.application; includeInIndex = 0; path = TheMovieApp.app; sourceTree = BUILT_PRODUCTS_DIR; };
		96A4A0C12AFC57D500AABACE /* TheMovieApp.swift */ = {isa = PBXFileReference; lastKnownFileType = sourcecode.swift; path = TheMovieApp.swift; sourceTree = "<group>"; };
		96A4A0C32AFC57D500AABACE /* MainAppView.swift */ = {isa = PBXFileReference; lastKnownFileType = sourcecode.swift; path = MainAppView.swift; sourceTree = "<group>"; };
		96A4A0C52AFC57D600AABACE /* Assets.xcassets */ = {isa = PBXFileReference; lastKnownFileType = folder.assetcatalog; path = Assets.xcassets; sourceTree = "<group>"; };
		96A4A0C82AFC57D600AABACE /* Preview Assets.xcassets */ = {isa = PBXFileReference; lastKnownFileType = folder.assetcatalog; path = "Preview Assets.xcassets"; sourceTree = "<group>"; };
		96AD276D2B102A44005AEE4E /* HomeViewViewModel.swift */ = {isa = PBXFileReference; lastKnownFileType = sourcecode.swift; path = HomeViewViewModel.swift; sourceTree = "<group>"; };
		96AD27702B102B47005AEE4E /* MovieServiceable.swift */ = {isa = PBXFileReference; lastKnownFileType = sourcecode.swift; path = MovieServiceable.swift; sourceTree = "<group>"; };
		96AE66FC2B02E1CB003E81C0 /* MovieResponse.swift */ = {isa = PBXFileReference; lastKnownFileType = sourcecode.swift; path = MovieResponse.swift; sourceTree = "<group>"; };
		96AE66FE2B02E279003E81C0 /* Movie.swift */ = {isa = PBXFileReference; lastKnownFileType = sourcecode.swift; path = Movie.swift; sourceTree = "<group>"; };
		96D4130B2B06E11A0052F548 /* HomeView.swift */ = {isa = PBXFileReference; lastKnownFileType = sourcecode.swift; path = HomeView.swift; sourceTree = "<group>"; };
		96D4130D2B06E1280052F548 /* SearchView.swift */ = {isa = PBXFileReference; lastKnownFileType = sourcecode.swift; path = SearchView.swift; sourceTree = "<group>"; };
		96D4130F2B06E13D0052F548 /* WatchListView.swift */ = {isa = PBXFileReference; lastKnownFileType = sourcecode.swift; path = WatchListView.swift; sourceTree = "<group>"; };
		96D597A82B1560B30033674F /* MovieDetailViewViewModel.swift */ = {isa = PBXFileReference; lastKnownFileType = sourcecode.swift; path = MovieDetailViewViewModel.swift; sourceTree = "<group>"; };
		96E0F7882B1178DC00161ED3 /* ImageUtil.swift */ = {isa = PBXFileReference; lastKnownFileType = sourcecode.swift; path = ImageUtil.swift; sourceTree = "<group>"; };
		96E2F09F2B096CDB000701D4 /* ViewExtension.swift */ = {isa = PBXFileReference; lastKnownFileType = sourcecode.swift; path = ViewExtension.swift; sourceTree = "<group>"; };
		96E2F0A22B096D46000701D4 /* RoundedCornersModifier.swift */ = {isa = PBXFileReference; lastKnownFileType = sourcecode.swift; path = RoundedCornersModifier.swift; sourceTree = "<group>"; };
/* End PBXFileReference section */

/* Begin PBXFrameworksBuildPhase section */
		96A4A0BB2AFC57D500AABACE /* Frameworks */ = {
			isa = PBXFrameworksBuildPhase;
			buildActionMask = 2147483647;
			files = (
			);
			runOnlyForDeploymentPostprocessing = 0;
		};
/* End PBXFrameworksBuildPhase section */

/* Begin PBXGroup section */
		963510122B0A65980025228A /* Core */ = {
			isa = PBXGroup;
			children = (
				9695EB832B139CB0003DEF45 /* DataStorage */,
				96E0F7872B1178B800161ED3 /* Utils */,
				96AD276F2B102B2F005AEE4E /* Protocols */,
				96AD276B2B1029F6005AEE4E /* Models */,
				963510142B0A65BD0025228A /* Networking */,
			);
			path = Core;
			sourceTree = "<group>";
		};
		963510132B0A65A30025228A /* Extensions */ = {
			isa = PBXGroup;
			children = (
				96E2F09F2B096CDB000701D4 /* ViewExtension.swift */,
			);
			path = Extensions;
			sourceTree = "<group>";
		};
		963510142B0A65BD0025228A /* Networking */ = {
			isa = PBXGroup;
			children = (
				963510152B0A660F0025228A /* MovieService.swift */,
			);
			path = Networking;
			sourceTree = "<group>";
		};
		9635143C2B050E8B002E9288 /* Screens */ = {
			isa = PBXGroup;
			children = (
				963510132B0A65A30025228A /* Extensions */,
				964D8AB62B0D84E700CD39DB /* Components */,
				96E2F0A12B096D00000701D4 /* Modifiers */,
				9635143D2B050EB5002E9288 /* MovieDetailView.swift */,
				96D4130B2B06E11A0052F548 /* HomeView.swift */,
				96D4130D2B06E1280052F548 /* SearchView.swift */,
				96D4130F2B06E13D0052F548 /* WatchListView.swift */,
			);
			path = Screens;
			sourceTree = "<group>";
		};
		964D8AB62B0D84E700CD39DB /* Components */ = {
			isa = PBXGroup;
			children = (
				964D8AB72B0D851200CD39DB /* PosterImageView.swift */,
				964D8AB92B0D852100CD39DB /* BackdropImageView.swift */,
				964D8ABB2B0D857A00CD39DB /* MovieCard.swift */,
				964D8ABD2B0D868500CD39DB /* VoteAverageView.swift */,
				965CA9BB2B157A3A00F3999D /* PosterImageTitleView.swift */,
				965CA9BD2B157A6500F3999D /* FullImageView.swift */,
			);
			path = Components;
			sourceTree = "<group>";
		};
		9695EB7C2B13822B003DEF45 /* CoreData */ = {
			isa = PBXGroup;
			children = (
				9695EB7F2B138E17003DEF45 /* MovieEntity+CoreDataClass.swift */,
				9695EB802B138E17003DEF45 /* MovieEntity+CoreDataProperties.swift */,
				9695EB7D2B138254003DEF45 /* Persistence.swift */,
			);
			path = CoreData;
			sourceTree = "<group>";
		};
		9695EB832B139CB0003DEF45 /* DataStorage */ = {
			isa = PBXGroup;
			children = (
				9695EB7C2B13822B003DEF45 /* CoreData */,
			);
			path = DataStorage;
			sourceTree = "<group>";
		};
		96A4A0B52AFC57D500AABACE = {
			isa = PBXGroup;
			children = (
				96A4A0C02AFC57D500AABACE /* TheMovieApp */,
				96A4A0BF2AFC57D500AABACE /* Products */,
			);
			sourceTree = "<group>";
		};
		96A4A0BF2AFC57D500AABACE /* Products */ = {
			isa = PBXGroup;
			children = (
				96A4A0BE2AFC57D500AABACE /* TheMovieApp.app */,
			);
			name = Products;
			sourceTree = "<group>";
		};
		96A4A0C02AFC57D500AABACE /* TheMovieApp */ = {
			isa = PBXGroup;
			children = (
				963510122B0A65980025228A /* Core */,
				9635143C2B050E8B002E9288 /* Screens */,
				96A4A0C12AFC57D500AABACE /* TheMovieApp.swift */,
				96A4A0C32AFC57D500AABACE /* MainAppView.swift */,
				96A4A0C52AFC57D600AABACE /* Assets.xcassets */,
				96A4A0C72AFC57D600AABACE /* Preview Content */,
				9695EB792B13821D003DEF45 /* TheMovieApp.xcdatamodeld */,
			);
			path = TheMovieApp;
			sourceTree = "<group>";
		};
		96A4A0C72AFC57D600AABACE /* Preview Content */ = {
			isa = PBXGroup;
			children = (
				96A4A0C82AFC57D600AABACE /* Preview Assets.xcassets */,
			);
			path = "Preview Content";
			sourceTree = "<group>";
		};
		96AD276B2B1029F6005AEE4E /* Models */ = {
			isa = PBXGroup;
			children = (
				96AE66FE2B02E279003E81C0 /* Movie.swift */,
				96AE66FC2B02E1CB003E81C0 /* MovieResponse.swift */,
				96AD276D2B102A44005AEE4E /* HomeViewViewModel.swift */,
				96D597A82B1560B30033674F /* MovieDetailViewViewModel.swift */,
				965CA9BF2B1586BD00F3999D /* WatchListViewViewModel.swift */,
			);
			path = Models;
			sourceTree = "<group>";
		};
		96AD276F2B102B2F005AEE4E /* Protocols */ = {
			isa = PBXGroup;
			children = (
				96AD27702B102B47005AEE4E /* MovieServiceable.swift */,
			);
			path = Protocols;
			sourceTree = "<group>";
		};
		96E0F7872B1178B800161ED3 /* Utils */ = {
			isa = PBXGroup;
			children = (
				96E0F7882B1178DC00161ED3 /* ImageUtil.swift */,
				9695EB842B13CC1A003DEF45 /* ColorUtil.swift */,
			);
			path = Utils;
			sourceTree = "<group>";
		};
		96E2F0A12B096D00000701D4 /* Modifiers */ = {
			isa = PBXGroup;
			children = (
				96E2F0A22B096D46000701D4 /* RoundedCornersModifier.swift */,
			);
			path = Modifiers;
			sourceTree = "<group>";
		};
/* End PBXGroup section */

/* Begin PBXNativeTarget section */
		96A4A0BD2AFC57D500AABACE /* TheMovieApp */ = {
			isa = PBXNativeTarget;
			buildConfigurationList = 96A4A0CC2AFC57D600AABACE /* Build configuration list for PBXNativeTarget "TheMovieApp" */;
			buildPhases = (
				96A4A0BA2AFC57D500AABACE /* Sources */,
				96A4A0BB2AFC57D500AABACE /* Frameworks */,
				96A4A0BC2AFC57D500AABACE /* Resources */,
			);
			buildRules = (
			);
			dependencies = (
			);
			name = TheMovieApp;
			productName = TheMovieApp;
			productReference = 96A4A0BE2AFC57D500AABACE /* TheMovieApp.app */;
			productType = "com.apple.product-type.application";
		};
/* End PBXNativeTarget section */

/* Begin PBXProject section */
		96A4A0B62AFC57D500AABACE /* Project object */ = {
			isa = PBXProject;
			attributes = {
				BuildIndependentTargetsInParallel = 1;
				LastSwiftUpdateCheck = 1500;
				LastUpgradeCheck = 1500;
				TargetAttributes = {
					96A4A0BD2AFC57D500AABACE = {
						CreatedOnToolsVersion = 15.0;
					};
				};
			};
			buildConfigurationList = 96A4A0B92AFC57D500AABACE /* Build configuration list for PBXProject "TheMovieApp" */;
			compatibilityVersion = "Xcode 14.0";
			developmentRegion = en;
			hasScannedForEncodings = 0;
			knownRegions = (
				en,
				Base,
			);
			mainGroup = 96A4A0B52AFC57D500AABACE;
			productRefGroup = 96A4A0BF2AFC57D500AABACE /* Products */;
			projectDirPath = "";
			projectRoot = "";
			targets = (
				96A4A0BD2AFC57D500AABACE /* TheMovieApp */,
			);
		};
/* End PBXProject section */

/* Begin PBXResourcesBuildPhase section */
		96A4A0BC2AFC57D500AABACE /* Resources */ = {
			isa = PBXResourcesBuildPhase;
			buildActionMask = 2147483647;
			files = (
				96A4A0C92AFC57D600AABACE /* Preview Assets.xcassets in Resources */,
				96A4A0C62AFC57D600AABACE /* Assets.xcassets in Resources */,
			);
			runOnlyForDeploymentPostprocessing = 0;
		};
/* End PBXResourcesBuildPhase section */

/* Begin PBXSourcesBuildPhase section */
		96A4A0BA2AFC57D500AABACE /* Sources */ = {
			isa = PBXSourcesBuildPhase;
			buildActionMask = 2147483647;
			files = (
				96E2F0A02B096CDB000701D4 /* ViewExtension.swift in Sources */,
				9695EB822B138E17003DEF45 /* MovieEntity+CoreDataProperties.swift in Sources */,
				96AE66FD2B02E1CB003E81C0 /* MovieResponse.swift in Sources */,
				96D597A92B1560B30033674F /* MovieDetailViewViewModel.swift in Sources */,
				965CA9C02B1586BD00F3999D /* WatchListViewViewModel.swift in Sources */,
				96A4A0C42AFC57D500AABACE /* MainAppView.swift in Sources */,
				965CA9BE2B157A6500F3999D /* FullImageView.swift in Sources */,
				9695EB852B13CC1A003DEF45 /* ColorUtil.swift in Sources */,
				964D8ABA2B0D852100CD39DB /* BackdropImageView.swift in Sources */,
				96E2F0A32B096D46000701D4 /* RoundedCornersModifier.swift in Sources */,
				964D8ABE2B0D868500CD39DB /* VoteAverageView.swift in Sources */,
				9635143E2B050EB5002E9288 /* MovieDetailView.swift in Sources */,
				9695EB7B2B13821D003DEF45 /* TheMovieApp.xcdatamodeld in Sources */,
				96D4130E2B06E1280052F548 /* SearchView.swift in Sources */,
				9695EB7E2B138254003DEF45 /* Persistence.swift in Sources */,
				96D413102B06E13D0052F548 /* WatchListView.swift in Sources */,
				96E0F7892B1178DC00161ED3 /* ImageUtil.swift in Sources */,
				964D8AB82B0D851300CD39DB /* PosterImageView.swift in Sources */,
				96AD276E2B102A44005AEE4E /* HomeViewViewModel.swift in Sources */,
				96D4130C2B06E11A0052F548 /* HomeView.swift in Sources */,
				964D8ABC2B0D857A00CD39DB /* MovieCard.swift in Sources */,
				96AE66FF2B02E279003E81C0 /* Movie.swift in Sources */,
				96A4A0C22AFC57D500AABACE /* TheMovieApp.swift in Sources */,
				963510162B0A660F0025228A /* MovieService.swift in Sources */,
				965CA9BC2B157A3A00F3999D /* PosterImageTitleView.swift in Sources */,
				9695EB812B138E17003DEF45 /* MovieEntity+CoreDataClass.swift in Sources */,
				96AD27712B102B47005AEE4E /* MovieServiceable.swift in Sources */,
			);
			runOnlyForDeploymentPostprocessing = 0;
		};
/* End PBXSourcesBuildPhase section */

/* Begin XCBuildConfiguration section */
		96A4A0CA2AFC57D600AABACE /* Debug */ = {
			isa = XCBuildConfiguration;
			buildSettings = {
				ALWAYS_SEARCH_USER_PATHS = NO;
				ASSETCATALOG_COMPILER_GENERATE_SWIFT_ASSET_SYMBOL_EXTENSIONS = YES;
				CLANG_ANALYZER_NONNULL = YES;
				CLANG_ANALYZER_NUMBER_OBJECT_CONVERSION = YES_AGGRESSIVE;
				CLANG_CXX_LANGUAGE_STANDARD = "gnu++20";
				CLANG_ENABLE_MODULES = YES;
				CLANG_ENABLE_OBJC_ARC = YES;
				CLANG_ENABLE_OBJC_WEAK = YES;
				CLANG_WARN_BLOCK_CAPTURE_AUTORELEASING = YES;
				CLANG_WARN_BOOL_CONVERSION = YES;
				CLANG_WARN_COMMA = YES;
				CLANG_WARN_CONSTANT_CONVERSION = YES;
				CLANG_WARN_DEPRECATED_OBJC_IMPLEMENTATIONS = YES;
				CLANG_WARN_DIRECT_OBJC_ISA_USAGE = YES_ERROR;
				CLANG_WARN_DOCUMENTATION_COMMENTS = YES;
				CLANG_WARN_EMPTY_BODY = YES;
				CLANG_WARN_ENUM_CONVERSION = YES;
				CLANG_WARN_INFINITE_RECURSION = YES;
				CLANG_WARN_INT_CONVERSION = YES;
				CLANG_WARN_NON_LITERAL_NULL_CONVERSION = YES;
				CLANG_WARN_OBJC_IMPLICIT_RETAIN_SELF = YES;
				CLANG_WARN_OBJC_LITERAL_CONVERSION = YES;
				CLANG_WARN_OBJC_ROOT_CLASS = YES_ERROR;
				CLANG_WARN_QUOTED_INCLUDE_IN_FRAMEWORK_HEADER = YES;
				CLANG_WARN_RANGE_LOOP_ANALYSIS = YES;
				CLANG_WARN_STRICT_PROTOTYPES = YES;
				CLANG_WARN_SUSPICIOUS_MOVE = YES;
				CLANG_WARN_UNGUARDED_AVAILABILITY = YES_AGGRESSIVE;
				CLANG_WARN_UNREACHABLE_CODE = YES;
				CLANG_WARN__DUPLICATE_METHOD_MATCH = YES;
				COPY_PHASE_STRIP = NO;
				DEBUG_INFORMATION_FORMAT = dwarf;
				ENABLE_STRICT_OBJC_MSGSEND = YES;
				ENABLE_TESTABILITY = YES;
				ENABLE_USER_SCRIPT_SANDBOXING = YES;
				GCC_C_LANGUAGE_STANDARD = gnu17;
				GCC_DYNAMIC_NO_PIC = NO;
				GCC_NO_COMMON_BLOCKS = YES;
				GCC_OPTIMIZATION_LEVEL = 0;
				GCC_PREPROCESSOR_DEFINITIONS = (
					"DEBUG=1",
					"$(inherited)",
				);
				GCC_WARN_64_TO_32_BIT_CONVERSION = YES;
				GCC_WARN_ABOUT_RETURN_TYPE = YES_ERROR;
				GCC_WARN_UNDECLARED_SELECTOR = YES;
				GCC_WARN_UNINITIALIZED_AUTOS = YES_AGGRESSIVE;
				GCC_WARN_UNUSED_FUNCTION = YES;
				GCC_WARN_UNUSED_VARIABLE = YES;
				IPHONEOS_DEPLOYMENT_TARGET = 17.0;
				LOCALIZATION_PREFERS_STRING_CATALOGS = YES;
				MTL_ENABLE_DEBUG_INFO = INCLUDE_SOURCE;
				MTL_FAST_MATH = YES;
				ONLY_ACTIVE_ARCH = YES;
				SDKROOT = iphoneos;
				SWIFT_ACTIVE_COMPILATION_CONDITIONS = "DEBUG $(inherited)";
				SWIFT_OPTIMIZATION_LEVEL = "-Onone";
			};
			name = Debug;
		};
		96A4A0CB2AFC57D600AABACE /* Release */ = {
			isa = XCBuildConfiguration;
			buildSettings = {
				ALWAYS_SEARCH_USER_PATHS = NO;
				ASSETCATALOG_COMPILER_GENERATE_SWIFT_ASSET_SYMBOL_EXTENSIONS = YES;
				CLANG_ANALYZER_NONNULL = YES;
				CLANG_ANALYZER_NUMBER_OBJECT_CONVERSION = YES_AGGRESSIVE;
				CLANG_CXX_LANGUAGE_STANDARD = "gnu++20";
				CLANG_ENABLE_MODULES = YES;
				CLANG_ENABLE_OBJC_ARC = YES;
				CLANG_ENABLE_OBJC_WEAK = YES;
				CLANG_WARN_BLOCK_CAPTURE_AUTORELEASING = YES;
				CLANG_WARN_BOOL_CONVERSION = YES;
				CLANG_WARN_COMMA = YES;
				CLANG_WARN_CONSTANT_CONVERSION = YES;
				CLANG_WARN_DEPRECATED_OBJC_IMPLEMENTATIONS = YES;
				CLANG_WARN_DIRECT_OBJC_ISA_USAGE = YES_ERROR;
				CLANG_WARN_DOCUMENTATION_COMMENTS = YES;
				CLANG_WARN_EMPTY_BODY = YES;
				CLANG_WARN_ENUM_CONVERSION = YES;
				CLANG_WARN_INFINITE_RECURSION = YES;
				CLANG_WARN_INT_CONVERSION = YES;
				CLANG_WARN_NON_LITERAL_NULL_CONVERSION = YES;
				CLANG_WARN_OBJC_IMPLICIT_RETAIN_SELF = YES;
				CLANG_WARN_OBJC_LITERAL_CONVERSION = YES;
				CLANG_WARN_OBJC_ROOT_CLASS = YES_ERROR;
				CLANG_WARN_QUOTED_INCLUDE_IN_FRAMEWORK_HEADER = YES;
				CLANG_WARN_RANGE_LOOP_ANALYSIS = YES;
				CLANG_WARN_STRICT_PROTOTYPES = YES;
				CLANG_WARN_SUSPICIOUS_MOVE = YES;
				CLANG_WARN_UNGUARDED_AVAILABILITY = YES_AGGRESSIVE;
				CLANG_WARN_UNREACHABLE_CODE = YES;
				CLANG_WARN__DUPLICATE_METHOD_MATCH = YES;
				COPY_PHASE_STRIP = NO;
				DEBUG_INFORMATION_FORMAT = "dwarf-with-dsym";
				ENABLE_NS_ASSERTIONS = NO;
				ENABLE_STRICT_OBJC_MSGSEND = YES;
				ENABLE_USER_SCRIPT_SANDBOXING = YES;
				GCC_C_LANGUAGE_STANDARD = gnu17;
				GCC_NO_COMMON_BLOCKS = YES;
				GCC_WARN_64_TO_32_BIT_CONVERSION = YES;
				GCC_WARN_ABOUT_RETURN_TYPE = YES_ERROR;
				GCC_WARN_UNDECLARED_SELECTOR = YES;
				GCC_WARN_UNINITIALIZED_AUTOS = YES_AGGRESSIVE;
				GCC_WARN_UNUSED_FUNCTION = YES;
				GCC_WARN_UNUSED_VARIABLE = YES;
				IPHONEOS_DEPLOYMENT_TARGET = 17.0;
				LOCALIZATION_PREFERS_STRING_CATALOGS = YES;
				MTL_ENABLE_DEBUG_INFO = NO;
				MTL_FAST_MATH = YES;
				SDKROOT = iphoneos;
				SWIFT_COMPILATION_MODE = wholemodule;
				VALIDATE_PRODUCT = YES;
			};
			name = Release;
		};
		96A4A0CD2AFC57D600AABACE /* Debug */ = {
			isa = XCBuildConfiguration;
			buildSettings = {
				ASSETCATALOG_COMPILER_APPICON_NAME = AppIcon;
				ASSETCATALOG_COMPILER_GLOBAL_ACCENT_COLOR_NAME = AccentColor;
				CODE_SIGN_STYLE = Automatic;
				CURRENT_PROJECT_VERSION = 1;
				DEVELOPMENT_ASSET_PATHS = "\"TheMovieApp/Preview Content\"";
				DEVELOPMENT_TEAM = 7NLZ49VPJZ;
				ENABLE_PREVIEWS = YES;
				GENERATE_INFOPLIST_FILE = YES;
				INFOPLIST_KEY_CFBundleDisplayName = "The Movie App";
				INFOPLIST_KEY_UIApplicationSceneManifest_Generation = YES;
				INFOPLIST_KEY_UIApplicationSupportsIndirectInputEvents = YES;
				INFOPLIST_KEY_UILaunchScreen_Generation = YES;
				INFOPLIST_KEY_UISupportedInterfaceOrientations_iPad = "UIInterfaceOrientationPortrait UIInterfaceOrientationPortraitUpsideDown UIInterfaceOrientationLandscapeLeft UIInterfaceOrientationLandscapeRight";
				INFOPLIST_KEY_UISupportedInterfaceOrientations_iPhone = "UIInterfaceOrientationPortrait UIInterfaceOrientationLandscapeLeft UIInterfaceOrientationLandscapeRight";
				IPHONEOS_DEPLOYMENT_TARGET = 16.0;
				LD_RUNPATH_SEARCH_PATHS = (
					"$(inherited)",
					"@executable_path/Frameworks",
				);
				MARKETING_VERSION = 1.0;
				PRODUCT_BUNDLE_IDENTIFIER = com.joabesantana.TheMovieApp;
				PRODUCT_NAME = "$(TARGET_NAME)";
				SWIFT_EMIT_LOC_STRINGS = YES;
				SWIFT_VERSION = 5.0;
				TARGETED_DEVICE_FAMILY = "1,2";
			};
			name = Debug;
		};
		96A4A0CE2AFC57D600AABACE /* Release */ = {
			isa = XCBuildConfiguration;
			buildSettings = {
				ASSETCATALOG_COMPILER_APPICON_NAME = AppIcon;
				ASSETCATALOG_COMPILER_GLOBAL_ACCENT_COLOR_NAME = AccentColor;
				CODE_SIGN_STYLE = Automatic;
				CURRENT_PROJECT_VERSION = 1;
				DEVELOPMENT_ASSET_PATHS = "\"TheMovieApp/Preview Content\"";
				DEVELOPMENT_TEAM = 7NLZ49VPJZ;
				ENABLE_PREVIEWS = YES;
				GENERATE_INFOPLIST_FILE = YES;
				INFOPLIST_KEY_CFBundleDisplayName = "The Movie App";
				INFOPLIST_KEY_UIApplicationSceneManifest_Generation = YES;
				INFOPLIST_KEY_UIApplicationSupportsIndirectInputEvents = YES;
				INFOPLIST_KEY_UILaunchScreen_Generation = YES;
				INFOPLIST_KEY_UISupportedInterfaceOrientations_iPad = "UIInterfaceOrientationPortrait UIInterfaceOrientationPortraitUpsideDown UIInterfaceOrientationLandscapeLeft UIInterfaceOrientationLandscapeRight";
				INFOPLIST_KEY_UISupportedInterfaceOrientations_iPhone = "UIInterfaceOrientationPortrait UIInterfaceOrientationLandscapeLeft UIInterfaceOrientationLandscapeRight";
				IPHONEOS_DEPLOYMENT_TARGET = 16.0;
				LD_RUNPATH_SEARCH_PATHS = (
					"$(inherited)",
					"@executable_path/Frameworks",
				);
				MARKETING_VERSION = 1.0;
				PRODUCT_BUNDLE_IDENTIFIER = com.joabesantana.TheMovieApp;
				PRODUCT_NAME = "$(TARGET_NAME)";
				SWIFT_EMIT_LOC_STRINGS = YES;
				SWIFT_VERSION = 5.0;
				TARGETED_DEVICE_FAMILY = "1,2";
			};
			name = Release;
		};
/* End XCBuildConfiguration section */

/* Begin XCConfigurationList section */
		96A4A0B92AFC57D500AABACE /* Build configuration list for PBXProject "TheMovieApp" */ = {
			isa = XCConfigurationList;
			buildConfigurations = (
				96A4A0CA2AFC57D600AABACE /* Debug */,
				96A4A0CB2AFC57D600AABACE /* Release */,
			);
			defaultConfigurationIsVisible = 0;
			defaultConfigurationName = Release;
		};
		96A4A0CC2AFC57D600AABACE /* Build configuration list for PBXNativeTarget "TheMovieApp" */ = {
			isa = XCConfigurationList;
			buildConfigurations = (
				96A4A0CD2AFC57D600AABACE /* Debug */,
				96A4A0CE2AFC57D600AABACE /* Release */,
			);
			defaultConfigurationIsVisible = 0;
			defaultConfigurationName = Release;
		};
/* End XCConfigurationList section */

/* Begin XCVersionGroup section */
		9695EB792B13821D003DEF45 /* TheMovieApp.xcdatamodeld */ = {
			isa = XCVersionGroup;
			children = (
				9695EB7A2B13821D003DEF45 /* TheMovieApp.xcdatamodel */,
			);
			currentVersion = 9695EB7A2B13821D003DEF45 /* TheMovieApp.xcdatamodel */;
			path = TheMovieApp.xcdatamodeld;
			sourceTree = "<group>";
			versionGroupType = wrapper.xcdatamodel;
		};
/* End XCVersionGroup section */
	};
	rootObject = 96A4A0B62AFC57D500AABACE /* Project object */;
}
